
Microsoft Visual Studio Solution File, Format Version 12.00
# Visual Studio 15
Project("{FAE04EC0-301F-11D3-BF4B-00C04F79EFBC}") = "IntegrityTeam", "UnityGameFramework.Runtime.csproj", "{0181FA70-1AE6-9413-BA6B-FBA430B7B4BF}"
EndProject
Project("{FAE04EC0-301F-11D3-BF4B-00C04F79EFBC}") = "IntegrityTeam", "Assembly-CSharp.csproj", "{5B534087-EE54-B21F-E0C0-CDA774372D0E}"
EndProject
Project("{FAE04EC0-301F-11D3-BF4B-00C04F79EFBC}") = "IntegrityTeam", "UnityGameFramework.Editor.csproj", "{44731B8D-E9E7-67CF-0733-BACFB1561EB3}"
EndProject
Project("{FAE04EC0-301F-11D3-BF4B-00C04F79EFBC}") = "IntegrityTeam", "Assembly-CSharp-Editor.csproj", "{528164C9-7A19-56DC-0DF0-9EABD58862DA}"
EndProject
Global
	GlobalSection(SolutionConfigurationPlatforms) = preSolution
		Debug|Any CPU = Debug|Any CPU
		Release|Any CPU = Release|Any CPU
	EndGlobalSection
	GlobalSection(ProjectConfigurationPlatforms) = postSolution
		{0181FA70-1AE6-9413-BA6B-FBA430B7B4BF}.Debug|Any CPU.ActiveCfg = Debug|Any CPU
		{0181FA70-1AE6-9413-BA6B-FBA430B7B4BF}.Debug|Any CPU.Build.0 = Debug|Any CPU
		{0181FA70-1AE6-9413-BA6B-FBA430B7B4BF}.Release|Any CPU.ActiveCfg = Release|Any CPU
		{0181FA70-1AE6-9413-BA6B-FBA430B7B4BF}.Release|Any CPU.Build.0 = Release|Any CPU
		{5B534087-EE54-B21F-E0C0-CDA774372D0E}.Debug|Any CPU.ActiveCfg = Debug|Any CPU
		{5B534087-EE54-B21F-E0C0-CDA774372D0E}.Debug|Any CPU.Build.0 = Debug|Any CPU
		{5B534087-EE54-B21F-E0C0-CDA774372D0E}.Release|Any CPU.ActiveCfg = Release|Any CPU
		{5B534087-EE54-B21F-E0C0-CDA774372D0E}.Release|Any CPU.Build.0 = Release|Any CPU
		{44731B8D-E9E7-67CF-0733-BACFB1561EB3}.Debug|Any CPU.ActiveCfg = Debug|Any CPU
		{44731B8D-E9E7-67CF-0733-BACFB1561EB3}.Debug|Any CPU.Build.0 = Debug|Any CPU
		{44731B8D-E9E7-67CF-0733-BACFB1561EB3}.Release|Any CPU.ActiveCfg = Release|Any CPU
		{44731B8D-E9E7-67CF-0733-BACFB1561EB3}.Release|Any CPU.Build.0 = Release|Any CPU
		{528164C9-7A19-56DC-0DF0-9EABD58862DA}.Debug|Any CPU.ActiveCfg = Debug|Any CPU
		{528164C9-7A19-56DC-0DF0-9EABD58862DA}.Debug|Any CPU.Build.0 = Debug|Any CPU
		{528164C9-7A19-56DC-0DF0-9EABD58862DA}.Release|Any CPU.ActiveCfg = Release|Any CPU
		{528164C9-7A19-56DC-0DF0-9EABD58862DA}.Release|Any CPU.Build.0 = Release|Any CPU
	EndGlobalSection
	GlobalSection(SolutionProperties) = preSolution
		HideSolutionNode = FALSE
	EndGlobalSection
EndGlobal
